
Microsoft Visual Studio Solution File, Format Version 12.00
# Visual Studio 14
VisualStudioVersion = 14.0.25420.1
MinimumVisualStudioVersion = 10.0.40219.1
Project("{FAE04EC0-301F-11D3-BF4B-00C04F79EFBC}") = "StoreWeb", "StoreWeb\StoreWeb.csproj", "{E38C4009-EFB5-4D2C-B456-D22CAB2576FB}"
EndProject
Project("{FAE04EC0-301F-11D3-BF4B-00C04F79EFBC}") = "StoreWeb.Core", "StoreWeb.Core\StoreWeb.Core.csproj", "{780BB48A-3F9C-4970-B478-E512610D66DE}"
EndProject
Project("{FAE04EC0-301F-11D3-BF4B-00C04F79EFBC}") = "StoreWeb.Data", "StoreWeb.Data\StoreWeb.Data.csproj", "{38A46D8C-AD01-4FA1-B7FC-B33C47DCE944}"
EndProject
Project("{FAE04EC0-301F-11D3-BF4B-00C04F79EFBC}") = "StoreWeb.Entity", "StoreWeb.Entity\StoreWeb.Entity.csproj", "{0DDF4DD3-E1B9-4812-BDD6-8C3184EDB32E}"
EndProject
Project("{FAE04EC0-301F-11D3-BF4B-00C04F79EFBC}") = "StoreWeb.Services", "StoreWeb.Services\StoreWeb.Services.csproj", "{6F15EEBF-DABE-4058-9E15-5E1C62F6D29A}"
EndProject
Global
	GlobalSection(SolutionConfigurationPlatforms) = preSolution
		Debug|Any CPU = Debug|Any CPU
		Release|Any CPU = Release|Any CPU
	EndGlobalSection
	GlobalSection(ProjectConfigurationPlatforms) = postSolution
		{E38C4009-EFB5-4D2C-B456-D22CAB2576FB}.Debug|Any CPU.ActiveCfg = Debug|Any CPU
		{E38C4009-EFB5-4D2C-B456-D22CAB2576FB}.Debug|Any CPU.Build.0 = Debug|Any CPU
		{E38C4009-EFB5-4D2C-B456-D22CAB2576FB}.Release|Any CPU.ActiveCfg = Release|Any CPU
		{E38C4009-EFB5-4D2C-B456-D22CAB2576FB}.Release|Any CPU.Build.0 = Release|Any CPU
		{780BB48A-3F9C-4970-B478-E512610D66DE}.Debug|Any CPU.ActiveCfg = Debug|Any CPU
		{780BB48A-3F9C-4970-B478-E512610D66DE}.Debug|Any CPU.Build.0 = Debug|Any CPU
		{780BB48A-3F9C-4970-B478-E512610D66DE}.Release|Any CPU.ActiveCfg = Release|Any CPU
		{780BB48A-3F9C-4970-B478-E512610D66DE}.Release|Any CPU.Build.0 = Release|Any CPU
		{38A46D8C-AD01-4FA1-B7FC-B33C47DCE944}.Debug|Any CPU.ActiveCfg = Debug|Any CPU
		{38A46D8C-AD01-4FA1-B7FC-B33C47DCE944}.Debug|Any CPU.Build.0 = Debug|Any CPU
		{38A46D8C-AD01-4FA1-B7FC-B33C47DCE944}.Release|Any CPU.ActiveCfg = Release|Any CPU
		{38A46D8C-AD01-4FA1-B7FC-B33C47DCE944}.Release|Any CPU.Build.0 = Release|Any CPU
		{0DDF4DD3-E1B9-4812-BDD6-8C3184EDB32E}.Debug|Any CPU.ActiveCfg = Debug|Any CPU
		{0DDF4DD3-E1B9-4812-BDD6-8C3184EDB32E}.Debug|Any CPU.Build.0 = Debug|Any CPU
		{0DDF4DD3-E1B9-4812-BDD6-8C3184EDB32E}.Release|Any CPU.ActiveCfg = Release|Any CPU
		{0DDF4DD3-E1B9-4812-BDD6-8C3184EDB32E}.Release|Any CPU.Build.0 = Release|Any CPU
		{6F15EEBF-DABE-4058-9E15-5E1C62F6D29A}.Debug|Any CPU.ActiveCfg = Debug|Any CPU
		{6F15EEBF-DABE-4058-9E15-5E1C62F6D29A}.Debug|Any CPU.Build.0 = Debug|Any CPU
		{6F15EEBF-DABE-4058-9E15-5E1C62F6D29A}.Release|Any CPU.ActiveCfg = Release|Any CPU
		{6F15EEBF-DABE-4058-9E15-5E1C62F6D29A}.Release|Any CPU.Build.0 = Release|Any CPU
	EndGlobalSection
	GlobalSection(SolutionProperties) = preSolution
		HideSolutionNode = FALSE
	EndGlobalSection
EndGlobal
